{
  "name": "asp.net",
  "version": "1.0.0",
  "lockfileVersion": 2,
  "requires": true,
  "packages": {
    "": {
      "name": "asp.net",
      "version": "1.0.0",
      "devDependencies": {
        "xml-formatter": "2.4.0"
      }
    },
    "node_modules/xml-formatter": {
      "version": "2.4.0",
      "resolved": "https://registry.npmjs.org/xml-formatter/-/xml-formatter-2.4.0.tgz",
      "integrity": "sha512-xTQ2IfbkCQKn0DGN5SD5KUgTgVohWiolyOXTLUHKJczIuSeGonN0BPduB9VQR5HOEuT1KOHQsOHSmTpU76zpUA==",
      "dev": true,
      "dependencies": {
        "xml-parser-xo": "^3.1.1"
      },
      "engines": {
        "node": ">= 10"
      }
    },
    "node_modules/xml-parser-xo": {
      "version": "3.1.1",
      "resolved": "https://registry.npmjs.org/xml-parser-xo/-/xml-parser-xo-3.1.1.tgz",
      "integrity": "sha512-gq1nDlJxjKQpPPZUhLbJ52pghtlB4Rz6LAQULm3SF6xzOYVnUloBglNhJR9vtZB3vIxMN/R3nZTf3qmun+6GCg==",
      "dev": true,
      "engines": {
        "node": ">= 10"
      }
    }
  },
  "dependencies": {
    "xml-formatter": {
      "version": "2.4.0",
      "resolved": "https://registry.npmjs.org/xml-formatter/-/xml-formatter-2.4.0.tgz",
      "integrity": "sha512-xTQ2IfbkCQKn0DGN5SD5KUgTgVohWiolyOXTLUHKJczIuSeGonN0BPduB9VQR5HOEuT1KOHQsOHSmTpU76zpUA==",
      "dev": true,
      "requires": {
        "xml-parser-xo": "^3.1.1"
      }
    },
    "xml-parser-xo": {
      "version": "3.1.1",
      "resolved": "https://registry.npmjs.org/xml-parser-xo/-/xml-parser-xo-3.1.1.tgz",
      "integrity": "sha512-gq1nDlJxjKQpPPZUhLbJ52pghtlB4Rz6LAQULm3SF6xzOYVnUloBglNhJR9vtZB3vIxMN/R3nZTf3qmun+6GCg==",
      "dev": true
    }
  }
}
